
Microsoft Visual Studio Solution File, Format Version 12.00
# Visual Studio Version 16
VisualStudioVersion = 16.0.29319.158
MinimumVisualStudioVersion = 10.0.40219.1
Project("{9A19103F-16F7-4668-BE54-9A1E7A4F7556}") = "CaptureTraffic", "CaptureTraffic\CaptureTraffic.csproj", "{C216EA3D-CE18-4A92-8909-C39140328065}"
EndProject
Global
	GlobalSection(SolutionConfigurationPlatforms) = preSolution
		Debug|Any CPU = Debug|Any CPU
		Release|Any CPU = Release|Any CPU
	EndGlobalSection
	GlobalSection(ProjectConfigurationPlatforms) = postSolution
		{C216EA3D-CE18-4A92-8909-C39140328065}.Debug|Any CPU.ActiveCfg = Debug|Any CPU
		{C216EA3D-CE18-4A92-8909-C39140328065}.Debug|Any CPU.Build.0 = Debug|Any CPU
		{C216EA3D-CE18-4A92-8909-C39140328065}.Release|Any CPU.ActiveCfg = Release|Any CPU
		{C216EA3D-CE18-4A92-8909-C39140328065}.Release|Any CPU.Build.0 = Release|Any CPU
	EndGlobalSection
	GlobalSection(SolutionProperties) = preSolution
		HideSolutionNode = FALSE
	EndGlobalSection
	GlobalSection(ExtensibilityGlobals) = postSolution
		SolutionGuid = {EFE54DFB-4801-4E60-A6B1-CC85FFBA8921}
	EndGlobalSection
EndGlobal
